github.com/LikeMyGames/FRC-Like-Robot/state v0.0.0-20251001053042-5834821b87c8 h1:OcWxOF8sKDeIRDWGtTzJQGvQABXyPnsXUgWFCse2zwA=
github.com/LikeMyGames/FRC-Like-Robot/state v0.0.0-20251001053042-5834821b87c8/go.mod h1:QyFUNWXta6nWNlP7EU5sCO9Vo2YTJl9UtcUzC93GXm0=
github.com/gorilla/websocket v1.5.3 h1:saDtZ6Pbx/0u+bgYQ3q96pZgCzfhKXGPqt7kZ72aNNg=
github.com/gorilla/websocket v1.5.3/go.mod h1:YR8l580nyteQvAITg2hZ9XVh4b55+EU/adAjf1fMHhE=
