github.com/gorilla/websocket v1.5.3 h1:saDtZ6Pbx/0u+bgYQ3q96pZgCzfhKXGPqt7kZ72aNNg=
github.com/gorilla/websocket v1.5.3/go.mod h1:YR8l580nyteQvAITg2hZ9XVh4b55+EU/adAjf1fMHhE=
github.com/tajtiattila/xinput v0.0.0-20140812192456-1b849e450040 h1:RBtJD8Jq8KSq000zZX7GQtMjItbZY9LS6Ub2kOf8Juk=
github.com/tajtiattila/xinput v0.0.0-20140812192456-1b849e450040/go.mod h1:sEqFbRpyEgMZMVCSuca9ALYHyfZ1VGSowW8yIneNxSE=
